
Microsoft Visual Studio Solution File, Format Version 12.00
# Visual Studio Version 17
VisualStudioVersion = 17.3.32825.248
MinimumVisualStudioVersion = 10.0.40219.1
Project("{9A19103F-16F7-4668-BE54-9A1E7A4F7556}") = "PayCalc Project", "PayCalc Project\PayCalc Project.csproj", "{A4118DEB-786C-4D0D-A892-CFF168EA1DB2}"
EndProject
Project("{9A19103F-16F7-4668-BE54-9A1E7A4F7556}") = "PayCalc Tests", "PayCalc Tests\PayCalc Tests.csproj", "{4B32DB5E-EBA6-4C9B-A06D-175802F9016F}"
EndProject
Project("{9A19103F-16F7-4668-BE54-9A1E7A4F7556}") = "PayCalc Class Library", "PayCalc Class Library\PayCalc Class Library\PayCalc Class Library.csproj", "{3EA56A5A-5B0B-46B9-9A11-9A9550EAC428}"
EndProject
Project("{9A19103F-16F7-4668-BE54-9A1E7A4F7556}") = "PayCalcAPI", "PayCalcAPI\PayCalcAPI.csproj", "{20D566FB-9AFF-408E-B66F-E4C8D1C1A88B}"
EndProject
Project("{9A19103F-16F7-4668-BE54-9A1E7A4F7556}") = "PayCalc API Tests", "PayCalc API Tests\PayCalc API Tests.csproj", "{679635DD-22F2-4297-8E9B-6134B46A739D}"
EndProject
Project("{FAE04EC0-301F-11D3-BF4B-00C04F79EFBC}") = "Web", "Web\Web.csproj", "{4EF258A4-5E67-4044-AC06-DE4B12F6A16B}"
EndProject
Global
	GlobalSection(SolutionConfigurationPlatforms) = preSolution
		Debug|Any CPU = Debug|Any CPU
		Release|Any CPU = Release|Any CPU
	EndGlobalSection
	GlobalSection(ProjectConfigurationPlatforms) = postSolution
		{A4118DEB-786C-4D0D-A892-CFF168EA1DB2}.Debug|Any CPU.ActiveCfg = Debug|Any CPU
		{A4118DEB-786C-4D0D-A892-CFF168EA1DB2}.Debug|Any CPU.Build.0 = Debug|Any CPU
		{A4118DEB-786C-4D0D-A892-CFF168EA1DB2}.Release|Any CPU.ActiveCfg = Release|Any CPU
		{A4118DEB-786C-4D0D-A892-CFF168EA1DB2}.Release|Any CPU.Build.0 = Release|Any CPU
		{4B32DB5E-EBA6-4C9B-A06D-175802F9016F}.Debug|Any CPU.ActiveCfg = Debug|Any CPU
		{4B32DB5E-EBA6-4C9B-A06D-175802F9016F}.Debug|Any CPU.Build.0 = Debug|Any CPU
		{4B32DB5E-EBA6-4C9B-A06D-175802F9016F}.Release|Any CPU.ActiveCfg = Release|Any CPU
		{4B32DB5E-EBA6-4C9B-A06D-175802F9016F}.Release|Any CPU.Build.0 = Release|Any CPU
		{3EA56A5A-5B0B-46B9-9A11-9A9550EAC428}.Debug|Any CPU.ActiveCfg = Debug|Any CPU
		{3EA56A5A-5B0B-46B9-9A11-9A9550EAC428}.Debug|Any CPU.Build.0 = Debug|Any CPU
		{3EA56A5A-5B0B-46B9-9A11-9A9550EAC428}.Release|Any CPU.ActiveCfg = Release|Any CPU
		{3EA56A5A-5B0B-46B9-9A11-9A9550EAC428}.Release|Any CPU.Build.0 = Release|Any CPU
		{20D566FB-9AFF-408E-B66F-E4C8D1C1A88B}.Debug|Any CPU.ActiveCfg = Debug|Any CPU
		{20D566FB-9AFF-408E-B66F-E4C8D1C1A88B}.Debug|Any CPU.Build.0 = Debug|Any CPU
		{20D566FB-9AFF-408E-B66F-E4C8D1C1A88B}.Release|Any CPU.ActiveCfg = Release|Any CPU
		{20D566FB-9AFF-408E-B66F-E4C8D1C1A88B}.Release|Any CPU.Build.0 = Release|Any CPU
		{679635DD-22F2-4297-8E9B-6134B46A739D}.Debug|Any CPU.ActiveCfg = Debug|Any CPU
		{679635DD-22F2-4297-8E9B-6134B46A739D}.Debug|Any CPU.Build.0 = Debug|Any CPU
		{679635DD-22F2-4297-8E9B-6134B46A739D}.Release|Any CPU.ActiveCfg = Release|Any CPU
		{679635DD-22F2-4297-8E9B-6134B46A739D}.Release|Any CPU.Build.0 = Release|Any CPU
		{4EF258A4-5E67-4044-AC06-DE4B12F6A16B}.Debug|Any CPU.ActiveCfg = Debug|Any CPU
		{4EF258A4-5E67-4044-AC06-DE4B12F6A16B}.Debug|Any CPU.Build.0 = Debug|Any CPU
		{4EF258A4-5E67-4044-AC06-DE4B12F6A16B}.Release|Any CPU.ActiveCfg = Release|Any CPU
		{4EF258A4-5E67-4044-AC06-DE4B12F6A16B}.Release|Any CPU.Build.0 = Release|Any CPU
	EndGlobalSection
	GlobalSection(SolutionProperties) = preSolution
		HideSolutionNode = FALSE
	EndGlobalSection
	GlobalSection(ExtensibilityGlobals) = postSolution
		SolutionGuid = {DC8CFFDD-808C-4FFF-A6DA-6AD1B74B3B77}
	EndGlobalSection
EndGlobal
