
Microsoft Visual Studio Solution File, Format Version 12.00
# Visual Studio Version 17
VisualStudioVersion = 17.3.32825.248
MinimumVisualStudioVersion = 10.0.40219.1
Project("{FAE04EC0-301F-11D3-BF4B-00C04F79EFBC}") = "PayCalc Class Library", "PayCalc Class Library\PayCalc Class Library.csproj", "{8CE59677-0866-44E9-A852-4AE33125B411}"
EndProject
Global
	GlobalSection(SolutionConfigurationPlatforms) = preSolution
		Debug|Any CPU = Debug|Any CPU
		Release|Any CPU = Release|Any CPU
	EndGlobalSection
	GlobalSection(ProjectConfigurationPlatforms) = postSolution
		{8CE59677-0866-44E9-A852-4AE33125B411}.Debug|Any CPU.ActiveCfg = Debug|Any CPU
		{8CE59677-0866-44E9-A852-4AE33125B411}.Debug|Any CPU.Build.0 = Debug|Any CPU
		{8CE59677-0866-44E9-A852-4AE33125B411}.Release|Any CPU.ActiveCfg = Release|Any CPU
		{8CE59677-0866-44E9-A852-4AE33125B411}.Release|Any CPU.Build.0 = Release|Any CPU
	EndGlobalSection
	GlobalSection(SolutionProperties) = preSolution
		HideSolutionNode = FALSE
	EndGlobalSection
	GlobalSection(ExtensibilityGlobals) = postSolution
		SolutionGuid = {BE5BB6A7-F087-4DD8-947A-02C1733468FA}
	EndGlobalSection
EndGlobal
